<?xml version="1.0" encoding="utf-8"?>
<Project ToolsVersion="4.0" xmlns="http://schemas.microsoft.com/developer/msbuild/2003">
  <ItemGroup>
    <Filter Include="compiled">
      <UniqueIdentifier>{52661140-3E33-6C4B-674C-5AF35378A1D9}</UniqueIdentifier>
    </Filter>
  </ItemGroup>
  <ItemGroup>
    <ClInclude Include="..\src\array.h" />
    <ClInclude Include="..\src\bitmap.h" />
    <ClInclude Include="..\src\camera.h" />
    <ClInclude Include="..\src\catalog.h" />
    <ClInclude Include="..\src\compiled\basic_3d_ps.h">
      <Filter>compiled</Filter>
    </ClInclude>
    <ClInclude Include="..\src\compiled\basic_3d_vs.h">
      <Filter>compiled</Filter>
    </ClInclude>
    <ClInclude Include="..\src\compiled\color_ps.h">
      <Filter>compiled</Filter>
    </ClInclude>
    <ClInclude Include="..\src\compiled\color_vs.h">
      <Filter>compiled</Filter>
    </ClInclude>
    <ClInclude Include="..\src\compiled\init.h">
      <Filter>compiled</Filter>
    </ClInclude>
    <ClInclude Include="..\src\compiled\msaa_2x_ps.h">
      <Filter>compiled</Filter>
    </ClInclude>
    <ClInclude Include="..\src\compiled\msaa_2x_vs.h">
      <Filter>compiled</Filter>
    </ClInclude>
    <ClInclude Include="..\src\compiled\msaa_4x_ps.h">
      <Filter>compiled</Filter>
    </ClInclude>
    <ClInclude Include="..\src\compiled\msaa_4x_vs.h">
      <Filter>compiled</Filter>
    </ClInclude>
    <ClInclude Include="..\src\compiled\msaa_8x_ps.h">
      <Filter>compiled</Filter>
    </ClInclude>
    <ClInclude Include="..\src\compiled\msaa_8x_vs.h">
      <Filter>compiled</Filter>
    </ClInclude>
    <ClInclude Include="..\src\compiled\text_ps.h">
      <Filter>compiled</Filter>
    </ClInclude>
    <ClInclude Include="..\src\compiled\text_vs.h">
      <Filter>compiled</Filter>
    </ClInclude>
    <ClInclude Include="..\src\compiled\texture_ps.h">
      <Filter>compiled</Filter>
    </ClInclude>
    <ClInclude Include="..\src\compiled\texture_vs.h">
      <Filter>compiled</Filter>
    </ClInclude>
    <ClInclude Include="..\src\debug.h" />
    <ClInclude Include="..\src\display.h" />
    <ClInclude Include="..\src\draw.h" />
    <ClInclude Include="..\src\entities.h" />
    <ClInclude Include="..\src\font.h" />
    <ClInclude Include="..\src\general.h" />
    <ClInclude Include="..\src\geometry.h" />
    <ClInclude Include="..\src\hash_table.h" />
    <ClInclude Include="..\src\input.h" />
    <ClInclude Include="..\src\loader.h" />
    <ClInclude Include="..\src\mesh.h" />
    <ClInclude Include="..\src\os.h" />
  </ItemGroup>
  <ItemGroup>
    <ClCompile Include="..\src\camera.cpp" />
    <ClCompile Include="..\src\catalog.cpp" />
    <ClCompile Include="..\src\debug.cpp" />
    <ClCompile Include="..\src\display_windows.cpp" />
    <ClCompile Include="..\src\draw.cpp" />
    <ClCompile Include="..\src\draw_d3d11.cpp" />
    <ClCompile Include="..\src\entities.cpp" />
    <ClCompile Include="..\src\font.cpp" />
    <ClCompile Include="..\src\input.cpp" />
    <ClCompile Include="..\src\loader.cpp" />
    <ClCompile Include="..\src\main.cpp" />
    <ClCompile Include="..\src\menu.cpp" />
    <ClCompile Include="..\src\os_windows.cpp" />
  </ItemGroup>
</Project>